
Microsoft Visual Studio Solution File, Format Version 12.00
# Visual Studio Version 16
VisualStudioVersion = 16.0.31729.503
MinimumVisualStudioVersion = 10.0.40219.1
Project("{FAE04EC0-301F-11D3-BF4B-00C04F79EFBC}") = "task_WPF_03", "task_WPF_03\task_WPF_03.csproj", "{35A83204-24EE-4C28-B344-0E6E3F2C2087}"
EndProject
Global
	GlobalSection(SolutionConfigurationPlatforms) = preSolution
		Debug|Any CPU = Debug|Any CPU
		Release|Any CPU = Release|Any CPU
	EndGlobalSection
	GlobalSection(ProjectConfigurationPlatforms) = postSolution
		{35A83204-24EE-4C28-B344-0E6E3F2C2087}.Debug|Any CPU.ActiveCfg = Debug|Any CPU
		{35A83204-24EE-4C28-B344-0E6E3F2C2087}.Debug|Any CPU.Build.0 = Debug|Any CPU
		{35A83204-24EE-4C28-B344-0E6E3F2C2087}.Release|Any CPU.ActiveCfg = Release|Any CPU
		{35A83204-24EE-4C28-B344-0E6E3F2C2087}.Release|Any CPU.Build.0 = Release|Any CPU
	EndGlobalSection
	GlobalSection(SolutionProperties) = preSolution
		HideSolutionNode = FALSE
	EndGlobalSection
	GlobalSection(ExtensibilityGlobals) = postSolution
		SolutionGuid = {F4973671-8CAF-483F-8C38-50A9364E6A2A}
	EndGlobalSection
EndGlobal
